// !$*UTF8*$!
{
	archiveVersion = 1;
	classes = {
	};
	objectVersion = 55;
	objects = {

/* Begin PBXBuildFile section */
		830C3F002883556700AD9E0C /* AccountSummaryCell.swift in Sources */ = {isa = PBXBuildFile; fileRef = 830C3EFF2883556700AD9E0C /* AccountSummaryCell.swift */; };
		833B3A8E287B4AA60030FE64 /* AppDelegate.swift in Sources */ = {isa = PBXBuildFile; fileRef = 833B3A8D287B4AA60030FE64 /* AppDelegate.swift */; };
		833B3A92287B4AA60030FE64 /* LoginViewController.swift in Sources */ = {isa = PBXBuildFile; fileRef = 833B3A91287B4AA60030FE64 /* LoginViewController.swift */; };
		833B3A97287B4AA80030FE64 /* Assets.xcassets in Resources */ = {isa = PBXBuildFile; fileRef = 833B3A96287B4AA80030FE64 /* Assets.xcassets */; };
		833B3A9A287B4AA80030FE64 /* LaunchScreen.storyboard in Resources */ = {isa = PBXBuildFile; fileRef = 833B3A98287B4AA80030FE64 /* LaunchScreen.storyboard */; };
		833B3AA6287B4F1B0030FE64 /* LoginView.swift in Sources */ = {isa = PBXBuildFile; fileRef = 833B3AA5287B4F1B0030FE64 /* LoginView.swift */; };
		83488BC3288F2B1100778692 /* ShakeyBellView.swift in Sources */ = {isa = PBXBuildFile; fileRef = 83488BC2288F2B1100778692 /* ShakeyBellView.swift */; };
		835C9F642894598400DF8F63 /* Date+Utils.swift in Sources */ = {isa = PBXBuildFile; fileRef = 835C9F632894598400DF8F63 /* Date+Utils.swift */; };
		835C9F6628945A3D00DF8F63 /* AccountSummaryViewController+Networking.swift in Sources */ = {isa = PBXBuildFile; fileRef = 835C9F6528945A3D00DF8F63 /* AccountSummaryViewController+Networking.swift */; };
		836B4A40287CC04C0047F6B6 /* OnboardingContainerViewController.swift in Sources */ = {isa = PBXBuildFile; fileRef = 836B4A3F287CC04C0047F6B6 /* OnboardingContainerViewController.swift */; };
		836E0D892886314B00C71942 /* CurrencyFormatterTests.swift in Sources */ = {isa = PBXBuildFile; fileRef = 836E0D882886314B00C71942 /* CurrencyFormatterTests.swift */; };
		8376C1BD2880FCA600C5AB0C /* UIViewController+Utils.swift in Sources */ = {isa = PBXBuildFile; fileRef = 8376C1BC2880FCA600C5AB0C /* UIViewController+Utils.swift */; };
		8376C1BF2880FD1E00C5AB0C /* MainViewController.swift in Sources */ = {isa = PBXBuildFile; fileRef = 8376C1BE2880FD1E00C5AB0C /* MainViewController.swift */; };
		83A2AFB22882355A00461B59 /* AccountSummaryViewController.swift in Sources */ = {isa = PBXBuildFile; fileRef = 83A2AFB12882355A00461B59 /* AccountSummaryViewController.swift */; };
		83A2AFB4288237B300461B59 /* AccountSummaryHeaderView.swift in Sources */ = {isa = PBXBuildFile; fileRef = 83A2AFB3288237B300461B59 /* AccountSummaryHeaderView.swift */; };
		83A2AFB6288237E100461B59 /* AccountSummaryHeaderView.xib in Resources */ = {isa = PBXBuildFile; fileRef = 83A2AFB5288237E100461B59 /* AccountSummaryHeaderView.xib */; };
		83C9548F287CC9C8008DDF24 /* OnboardingViewController.swift in Sources */ = {isa = PBXBuildFile; fileRef = 83C9548E287CC9C8008DDF24 /* OnboardingViewController.swift */; };
		83D881182888D79900BBA476 /* NSNotificationName.swift in Sources */ = {isa = PBXBuildFile; fileRef = 83D881172888D79900BBA476 /* NSNotificationName.swift */; };
		83D8811A2888DA4900BBA476 /* UITextField+SecureToggle.swift in Sources */ = {isa = PBXBuildFile; fileRef = 83D881192888DA4900BBA476 /* UITextField+SecureToggle.swift */; };
		83F71BB7287F75F3002506AA /* DummyViewController.swift in Sources */ = {isa = PBXBuildFile; fileRef = 83F71BB6287F75F3002506AA /* DummyViewController.swift */; };
		83F71BBA287F7AF6002506AA /* LocalState.swift in Sources */ = {isa = PBXBuildFile; fileRef = 83F71BB9287F7AF6002506AA /* LocalState.swift */; };
		83FEB2BB2884E79C00361188 /* Decimal+Utils.swift in Sources */ = {isa = PBXBuildFile; fileRef = 83FEB2BA2884E79C00361188 /* Decimal+Utils.swift */; };
		83FEB2BD2884E7D100361188 /* CurrencyFormatter.swift in Sources */ = {isa = PBXBuildFile; fileRef = 83FEB2BC2884E7D100361188 /* CurrencyFormatter.swift */; };
/* End PBXBuildFile section */

/* Begin PBXContainerItemProxy section */
		836E0D83288630A900C71942 /* PBXContainerItemProxy */ = {
			isa = PBXContainerItemProxy;
			containerPortal = 833B3A82287B4AA50030FE64 /* Project object */;
			proxyType = 1;
			remoteGlobalIDString = 833B3A89287B4AA50030FE64;
			remoteInfo = Bankey;
		};
/* End PBXContainerItemProxy section */

/* Begin PBXFileReference section */
		830C3EFF2883556700AD9E0C /* AccountSummaryCell.swift */ = {isa = PBXFileReference; lastKnownFileType = sourcecode.swift; path = AccountSummaryCell.swift; sourceTree = "<group>"; };
		833B3A8A287B4AA60030FE64 /* Bankey.app */ = {isa = PBXFileReference; explicitFileType = wrapper.application; includeInIndex = 0; path = Bankey.app; sourceTree = BUILT_PRODUCTS_DIR; };
		833B3A8D287B4AA60030FE64 /* AppDelegate.swift */ = {isa = PBXFileReference; lastKnownFileType = sourcecode.swift; path = AppDelegate.swift; sourceTree = "<group>"; };
		833B3A91287B4AA60030FE64 /* LoginViewController.swift */ = {isa = PBXFileReference; lastKnownFileType = sourcecode.swift; path = LoginViewController.swift; sourceTree = "<group>"; };
		833B3A96287B4AA80030FE64 /* Assets.xcassets */ = {isa = PBXFileReference; lastKnownFileType = folder.assetcatalog; path = Assets.xcassets; sourceTree = "<group>"; };
		833B3A99287B4AA80030FE64 /* Base */ = {isa = PBXFileReference; lastKnownFileType = file.storyboard; name = Base; path = Base.lproj/LaunchScreen.storyboard; sourceTree = "<group>"; };
		833B3A9B287B4AA80030FE64 /* Info.plist */ = {isa = PBXFileReference; lastKnownFileType = text.plist.xml; path = Info.plist; sourceTree = "<group>"; };
		833B3AA5287B4F1B0030FE64 /* LoginView.swift */ = {isa = PBXFileReference; lastKnownFileType = sourcecode.swift; path = LoginView.swift; sourceTree = "<group>"; };
		83488BC2288F2B1100778692 /* ShakeyBellView.swift */ = {isa = PBXFileReference; lastKnownFileType = sourcecode.swift; path = ShakeyBellView.swift; sourceTree = "<group>"; };
		835C9F632894598400DF8F63 /* Date+Utils.swift */ = {isa = PBXFileReference; lastKnownFileType = sourcecode.swift; path = "Date+Utils.swift"; sourceTree = "<group>"; };
		835C9F6528945A3D00DF8F63 /* AccountSummaryViewController+Networking.swift */ = {isa = PBXFileReference; lastKnownFileType = sourcecode.swift; path = "AccountSummaryViewController+Networking.swift"; sourceTree = "<group>"; };
		836B4A3F287CC04C0047F6B6 /* OnboardingContainerViewController.swift */ = {isa = PBXFileReference; lastKnownFileType = sourcecode.swift; path = OnboardingContainerViewController.swift; sourceTree = "<group>"; };
		836E0D7F288630A900C71942 /* BankeyTests.xctest */ = {isa = PBXFileReference; explicitFileType = wrapper.cfbundle; includeInIndex = 0; path = BankeyTests.xctest; sourceTree = BUILT_PRODUCTS_DIR; };
		836E0D882886314B00C71942 /* CurrencyFormatterTests.swift */ = {isa = PBXFileReference; lastKnownFileType = sourcecode.swift; path = CurrencyFormatterTests.swift; sourceTree = "<group>"; };
		8376C1BC2880FCA600C5AB0C /* UIViewController+Utils.swift */ = {isa = PBXFileReference; lastKnownFileType = sourcecode.swift; path = "UIViewController+Utils.swift"; sourceTree = "<group>"; };
		8376C1BE2880FD1E00C5AB0C /* MainViewController.swift */ = {isa = PBXFileReference; lastKnownFileType = sourcecode.swift; path = MainViewController.swift; sourceTree = "<group>"; };
		83A2AFB12882355A00461B59 /* AccountSummaryViewController.swift */ = {isa = PBXFileReference; lastKnownFileType = sourcecode.swift; path = AccountSummaryViewController.swift; sourceTree = "<group>"; };
		83A2AFB3288237B300461B59 /* AccountSummaryHeaderView.swift */ = {isa = PBXFileReference; lastKnownFileType = sourcecode.swift; path = AccountSummaryHeaderView.swift; sourceTree = "<group>"; };
		83A2AFB5288237E100461B59 /* AccountSummaryHeaderView.xib */ = {isa = PBXFileReference; lastKnownFileType = file.xib; path = AccountSummaryHeaderView.xib; sourceTree = "<group>"; };
		83C9548E287CC9C8008DDF24 /* OnboardingViewController.swift */ = {isa = PBXFileReference; lastKnownFileType = sourcecode.swift; path = OnboardingViewController.swift; sourceTree = "<group>"; };
		83D881172888D79900BBA476 /* NSNotificationName.swift */ = {isa = PBXFileReference; lastKnownFileType = sourcecode.swift; path = NSNotificationName.swift; sourceTree = "<group>"; };
		83D881192888DA4900BBA476 /* UITextField+SecureToggle.swift */ = {isa = PBXFileReference; lastKnownFileType = sourcecode.swift; path = "UITextField+SecureToggle.swift"; sourceTree = "<group>"; };
		83F71BB6287F75F3002506AA /* DummyViewController.swift */ = {isa = PBXFileReference; lastKnownFileType = sourcecode.swift; path = DummyViewController.swift; sourceTree = "<group>"; };
		83F71BB9287F7AF6002506AA /* LocalState.swift */ = {isa = PBXFileReference; lastKnownFileType = sourcecode.swift; path = LocalState.swift; sourceTree = "<group>"; };
		83FEB2BA2884E79C00361188 /* Decimal+Utils.swift */ = {isa = PBXFileReference; lastKnownFileType = sourcecode.swift; path = "Decimal+Utils.swift"; sourceTree = "<group>"; };
		83FEB2BC2884E7D100361188 /* CurrencyFormatter.swift */ = {isa = PBXFileReference; lastKnownFileType = sourcecode.swift; path = CurrencyFormatter.swift; sourceTree = "<group>"; };
/* End PBXFileReference section */

/* Begin PBXFrameworksBuildPhase section */
		833B3A87287B4AA50030FE64 /* Frameworks */ = {
			isa = PBXFrameworksBuildPhase;
			buildActionMask = 2147483647;
			files = (
			);
			runOnlyForDeploymentPostprocessing = 0;
		};
		836E0D7C288630A900C71942 /* Frameworks */ = {
			isa = PBXFrameworksBuildPhase;
			buildActionMask = 2147483647;
			files = (
			);
			runOnlyForDeploymentPostprocessing = 0;
		};
/* End PBXFrameworksBuildPhase section */

/* Begin PBXGroup section */
		830C3EFD2883552400AD9E0C /* Header */ = {
			isa = PBXGroup;
			children = (
				83A2AFB3288237B300461B59 /* AccountSummaryHeaderView.swift */,
				83A2AFB5288237E100461B59 /* AccountSummaryHeaderView.xib */,
			);
			path = Header;
			sourceTree = "<group>";
		};
		830C3EFE2883553A00AD9E0C /* Cells */ = {
			isa = PBXGroup;
			children = (
				830C3EFF2883556700AD9E0C /* AccountSummaryCell.swift */,
			);
			path = Cells;
			sourceTree = "<group>";
		};
		833B3A81287B4AA50030FE64 = {
			isa = PBXGroup;
			children = (
				833B3A8C287B4AA60030FE64 /* Bankey */,
				836E0D80288630A900C71942 /* BankeyTests */,
				833B3A8B287B4AA60030FE64 /* Products */,
			);
			sourceTree = "<group>";
		};
		833B3A8B287B4AA60030FE64 /* Products */ = {
			isa = PBXGroup;
			children = (
				833B3A8A287B4AA60030FE64 /* Bankey.app */,
				836E0D7F288630A900C71942 /* BankeyTests.xctest */,
			);
			name = Products;
			sourceTree = "<group>";
		};
		833B3A8C287B4AA60030FE64 /* Bankey */ = {
			isa = PBXGroup;
			children = (
				833B3A8D287B4AA60030FE64 /* AppDelegate.swift */,
				833B3AA4287B4EFD0030FE64 /* Login */,
				836B4A3E287CC02D0047F6B6 /* Onboarding */,
				83A2AFB02882353700461B59 /* AccountSummary */,
				83F71BB8287F7AE3002506AA /* Utils */,
				83488BC1288F2AE300778692 /* Components */,
				833B3AA1287B4EA80030FE64 /* Files */,
				8376C1BE2880FD1E00C5AB0C /* MainViewController.swift */,
			);
			path = Bankey;
			sourceTree = "<group>";
		};
		833B3AA1287B4EA80030FE64 /* Files */ = {
			isa = PBXGroup;
			children = (
				833B3A96287B4AA80030FE64 /* Assets.xcassets */,
				833B3A98287B4AA80030FE64 /* LaunchScreen.storyboard */,
				833B3A9B287B4AA80030FE64 /* Info.plist */,
			);
			name = Files;
			sourceTree = "<group>";
		};
		833B3AA4287B4EFD0030FE64 /* Login */ = {
			isa = PBXGroup;
			children = (
				833B3AA5287B4F1B0030FE64 /* LoginView.swift */,
				833B3A91287B4AA60030FE64 /* LoginViewController.swift */,
				83F71BB6287F75F3002506AA /* DummyViewController.swift */,
			);
			path = Login;
			sourceTree = "<group>";
		};
		83488BC1288F2AE300778692 /* Components */ = {
			isa = PBXGroup;
			children = (
				83488BC2288F2B1100778692 /* ShakeyBellView.swift */,
			);
			path = Components;
			sourceTree = "<group>";
		};
		836B4A3E287CC02D0047F6B6 /* Onboarding */ = {
			isa = PBXGroup;
			children = (
				836B4A3F287CC04C0047F6B6 /* OnboardingContainerViewController.swift */,
				83C9548E287CC9C8008DDF24 /* OnboardingViewController.swift */,
			);
			path = Onboarding;
			sourceTree = "<group>";
		};
		836E0D80288630A900C71942 /* BankeyTests */ = {
			isa = PBXGroup;
			children = (
				836E0D882886314B00C71942 /* CurrencyFormatterTests.swift */,
			);
			path = BankeyTests;
			sourceTree = "<group>";
		};
		83A2AFB02882353700461B59 /* AccountSummary */ = {
			isa = PBXGroup;
			children = (
				83A2AFB12882355A00461B59 /* AccountSummaryViewController.swift */,
				835C9F6528945A3D00DF8F63 /* AccountSummaryViewController+Networking.swift */,
				830C3EFD2883552400AD9E0C /* Header */,
				830C3EFE2883553A00AD9E0C /* Cells */,
			);
			path = AccountSummary;
			sourceTree = "<group>";
		};
		83F71BB8287F7AE3002506AA /* Utils */ = {
			isa = PBXGroup;
			children = (
				83F71BB9287F7AF6002506AA /* LocalState.swift */,
				8376C1BC2880FCA600C5AB0C /* UIViewController+Utils.swift */,
				83FEB2BA2884E79C00361188 /* Decimal+Utils.swift */,
				83D881192888DA4900BBA476 /* UITextField+SecureToggle.swift */,
				835C9F632894598400DF8F63 /* Date+Utils.swift */,
				83FEB2BC2884E7D100361188 /* CurrencyFormatter.swift */,
				83D881172888D79900BBA476 /* NSNotificationName.swift */,
			);
			path = Utils;
			sourceTree = "<group>";
		};
/* End PBXGroup section */

/* Begin PBXNativeTarget section */
		833B3A89287B4AA50030FE64 /* Bankey */ = {
			isa = PBXNativeTarget;
			buildConfigurationList = 833B3A9E287B4AA80030FE64 /* Build configuration list for PBXNativeTarget "Bankey" */;
			buildPhases = (
				833B3A86287B4AA50030FE64 /* Sources */,
				833B3A87287B4AA50030FE64 /* Frameworks */,
				833B3A88287B4AA50030FE64 /* Resources */,
			);
			buildRules = (
			);
			dependencies = (
			);
			name = Bankey;
			productName = Bankey;
			productReference = 833B3A8A287B4AA60030FE64 /* Bankey.app */;
			productType = "com.apple.product-type.application";
		};
		836E0D7E288630A900C71942 /* BankeyTests */ = {
			isa = PBXNativeTarget;
			buildConfigurationList = 836E0D87288630A900C71942 /* Build configuration list for PBXNativeTarget "BankeyTests" */;
			buildPhases = (
				836E0D7B288630A900C71942 /* Sources */,
				836E0D7C288630A900C71942 /* Frameworks */,
				836E0D7D288630A900C71942 /* Resources */,
			);
			buildRules = (
			);
			dependencies = (
				836E0D84288630A900C71942 /* PBXTargetDependency */,
			);
			name = BankeyTests;
			productName = BankeyTests;
			productReference = 836E0D7F288630A900C71942 /* BankeyTests.xctest */;
			productType = "com.apple.product-type.bundle.unit-test";
		};
/* End PBXNativeTarget section */

/* Begin PBXProject section */
		833B3A82287B4AA50030FE64 /* Project object */ = {
			isa = PBXProject;
			attributes = {
				BuildIndependentTargetsInParallel = 1;
				LastSwiftUpdateCheck = 1330;
				LastUpgradeCheck = 1330;
				TargetAttributes = {
					833B3A89287B4AA50030FE64 = {
						CreatedOnToolsVersion = 13.3;
					};
					836E0D7E288630A900C71942 = {
						CreatedOnToolsVersion = 13.3;
						LastSwiftMigration = 1330;
						TestTargetID = 833B3A89287B4AA50030FE64;
					};
				};
			};
			buildConfigurationList = 833B3A85287B4AA50030FE64 /* Build configuration list for PBXProject "Bankey" */;
			compatibilityVersion = "Xcode 13.0";
			developmentRegion = en;
			hasScannedForEncodings = 0;
			knownRegions = (
				en,
				Base,
			);
			mainGroup = 833B3A81287B4AA50030FE64;
			productRefGroup = 833B3A8B287B4AA60030FE64 /* Products */;
			projectDirPath = "";
			projectRoot = "";
			targets = (
				833B3A89287B4AA50030FE64 /* Bankey */,
				836E0D7E288630A900C71942 /* BankeyTests */,
			);
		};
/* End PBXProject section */

/* Begin PBXResourcesBuildPhase section */
		833B3A88287B4AA50030FE64 /* Resources */ = {
			isa = PBXResourcesBuildPhase;
			buildActionMask = 2147483647;
			files = (
				83A2AFB6288237E100461B59 /* AccountSummaryHeaderView.xib in Resources */,
				833B3A9A287B4AA80030FE64 /* LaunchScreen.storyboard in Resources */,
				833B3A97287B4AA80030FE64 /* Assets.xcassets in Resources */,
			);
			runOnlyForDeploymentPostprocessing = 0;
		};
		836E0D7D288630A900C71942 /* Resources */ = {
			isa = PBXResourcesBuildPhase;
			buildActionMask = 2147483647;
			files = (
			);
			runOnlyForDeploymentPostprocessing = 0;
		};
/* End PBXResourcesBuildPhase section */

/* Begin PBXSourcesBuildPhase section */
		833B3A86287B4AA50030FE64 /* Sources */ = {
			isa = PBXSourcesBuildPhase;
			buildActionMask = 2147483647;
			files = (
				8376C1BD2880FCA600C5AB0C /* UIViewController+Utils.swift in Sources */,
				835C9F642894598400DF8F63 /* Date+Utils.swift in Sources */,
				833B3AA6287B4F1B0030FE64 /* LoginView.swift in Sources */,
				83F71BBA287F7AF6002506AA /* LocalState.swift in Sources */,
				83A2AFB4288237B300461B59 /* AccountSummaryHeaderView.swift in Sources */,
				83D8811A2888DA4900BBA476 /* UITextField+SecureToggle.swift in Sources */,
				83F71BB7287F75F3002506AA /* DummyViewController.swift in Sources */,
				83FEB2BD2884E7D100361188 /* CurrencyFormatter.swift in Sources */,
				83FEB2BB2884E79C00361188 /* Decimal+Utils.swift in Sources */,
				83D881182888D79900BBA476 /* NSNotificationName.swift in Sources */,
				833B3A92287B4AA60030FE64 /* LoginViewController.swift in Sources */,
				83488BC3288F2B1100778692 /* ShakeyBellView.swift in Sources */,
				830C3F002883556700AD9E0C /* AccountSummaryCell.swift in Sources */,
				83C9548F287CC9C8008DDF24 /* OnboardingViewController.swift in Sources */,
				8376C1BF2880FD1E00C5AB0C /* MainViewController.swift in Sources */,
				83A2AFB22882355A00461B59 /* AccountSummaryViewController.swift in Sources */,
				833B3A8E287B4AA60030FE64 /* AppDelegate.swift in Sources */,
				836B4A40287CC04C0047F6B6 /* OnboardingContainerViewController.swift in Sources */,
				835C9F6628945A3D00DF8F63 /* AccountSummaryViewController+Networking.swift in Sources */,
			);
			runOnlyForDeploymentPostprocessing = 0;
		};
		836E0D7B288630A900C71942 /* Sources */ = {
			isa = PBXSourcesBuildPhase;
			buildActionMask = 2147483647;
			files = (
				836E0D892886314B00C71942 /* CurrencyFormatterTests.swift in Sources */,
			);
			runOnlyForDeploymentPostprocessing = 0;
		};
/* End PBXSourcesBuildPhase section */

/* Begin PBXTargetDependency section */
		836E0D84288630A900C71942 /* PBXTargetDependency */ = {
			isa = PBXTargetDependency;
			target = 833B3A89287B4AA50030FE64 /* Bankey */;
			targetProxy = 836E0D83288630A900C71942 /* PBXContainerItemProxy */;
		};
/* End PBXTargetDependency section */

/* Begin PBXVariantGroup section */
		833B3A98287B4AA80030FE64 /* LaunchScreen.storyboard */ = {
			isa = PBXVariantGroup;
			children = (
				833B3A99287B4AA80030FE64 /* Base */,
			);
			name = LaunchScreen.storyboard;
			sourceTree = "<group>";
		};
/* End PBXVariantGroup section */

/* Begin XCBuildConfiguration section */
		833B3A9C287B4AA80030FE64 /* Debug */ = {
			isa = XCBuildConfiguration;
			buildSettings = {
				ALWAYS_SEARCH_USER_PATHS = NO;
				CLANG_ANALYZER_NONNULL = YES;
				CLANG_ANALYZER_NUMBER_OBJECT_CONVERSION = YES_AGGRESSIVE;
				CLANG_CXX_LANGUAGE_STANDARD = "gnu++17";
				CLANG_ENABLE_MODULES = YES;
				CLANG_ENABLE_OBJC_ARC = YES;
				CLANG_ENABLE_OBJC_WEAK = YES;
				CLANG_WARN_BLOCK_CAPTURE_AUTORELEASING = YES;
				CLANG_WARN_BOOL_CONVERSION = YES;
				CLANG_WARN_COMMA = YES;
				CLANG_WARN_CONSTANT_CONVERSION = YES;
				CLANG_WARN_DEPRECATED_OBJC_IMPLEMENTATIONS = YES;
				CLANG_WARN_DIRECT_OBJC_ISA_USAGE = YES_ERROR;
				CLANG_WARN_DOCUMENTATION_COMMENTS = YES;
				CLANG_WARN_EMPTY_BODY = YES;
				CLANG_WARN_ENUM_CONVERSION = YES;
				CLANG_WARN_INFINITE_RECURSION = YES;
				CLANG_WARN_INT_CONVERSION = YES;
				CLANG_WARN_NON_LITERAL_NULL_CONVERSION = YES;
				CLANG_WARN_OBJC_IMPLICIT_RETAIN_SELF = YES;
				CLANG_WARN_OBJC_LITERAL_CONVERSION = YES;
				CLANG_WARN_OBJC_ROOT_CLASS = YES_ERROR;
				CLANG_WARN_QUOTED_INCLUDE_IN_FRAMEWORK_HEADER = YES;
				CLANG_WARN_RANGE_LOOP_ANALYSIS = YES;
				CLANG_WARN_STRICT_PROTOTYPES = YES;
				CLANG_WARN_SUSPICIOUS_MOVE = YES;
				CLANG_WARN_UNGUARDED_AVAILABILITY = YES_AGGRESSIVE;
				CLANG_WARN_UNREACHABLE_CODE = YES;
				CLANG_WARN__DUPLICATE_METHOD_MATCH = YES;
				COPY_PHASE_STRIP = NO;
				DEBUG_INFORMATION_FORMAT = dwarf;
				ENABLE_STRICT_OBJC_MSGSEND = YES;
				ENABLE_TESTABILITY = YES;
				GCC_C_LANGUAGE_STANDARD = gnu11;
				GCC_DYNAMIC_NO_PIC = NO;
				GCC_NO_COMMON_BLOCKS = YES;
				GCC_OPTIMIZATION_LEVEL = 0;
				GCC_PREPROCESSOR_DEFINITIONS = (
					"DEBUG=1",
					"$(inherited)",
				);
				GCC_WARN_64_TO_32_BIT_CONVERSION = YES;
				GCC_WARN_ABOUT_RETURN_TYPE = YES_ERROR;
				GCC_WARN_UNDECLARED_SELECTOR = YES;
				GCC_WARN_UNINITIALIZED_AUTOS = YES_AGGRESSIVE;
				GCC_WARN_UNUSED_FUNCTION = YES;
				GCC_WARN_UNUSED_VARIABLE = YES;
				IPHONEOS_DEPLOYMENT_TARGET = 15.4;
				MTL_ENABLE_DEBUG_INFO = INCLUDE_SOURCE;
				MTL_FAST_MATH = YES;
				ONLY_ACTIVE_ARCH = YES;
				SDKROOT = iphoneos;
				SWIFT_ACTIVE_COMPILATION_CONDITIONS = DEBUG;
				SWIFT_OPTIMIZATION_LEVEL = "-Onone";
			};
			name = Debug;
		};
		833B3A9D287B4AA80030FE64 /* Release */ = {
			isa = XCBuildConfiguration;
			buildSettings = {
				ALWAYS_SEARCH_USER_PATHS = NO;
				CLANG_ANALYZER_NONNULL = YES;
				CLANG_ANALYZER_NUMBER_OBJECT_CONVERSION = YES_AGGRESSIVE;
				CLANG_CXX_LANGUAGE_STANDARD = "gnu++17";
				CLANG_ENABLE_MODULES = YES;
				CLANG_ENABLE_OBJC_ARC = YES;
				CLANG_ENABLE_OBJC_WEAK = YES;
				CLANG_WARN_BLOCK_CAPTURE_AUTORELEASING = YES;
				CLANG_WARN_BOOL_CONVERSION = YES;
				CLANG_WARN_COMMA = YES;
				CLANG_WARN_CONSTANT_CONVERSION = YES;
				CLANG_WARN_DEPRECATED_OBJC_IMPLEMENTATIONS = YES;
				CLANG_WARN_DIRECT_OBJC_ISA_USAGE = YES_ERROR;
				CLANG_WARN_DOCUMENTATION_COMMENTS = YES;
				CLANG_WARN_EMPTY_BODY = YES;
				CLANG_WARN_ENUM_CONVERSION = YES;
				CLANG_WARN_INFINITE_RECURSION = YES;
				CLANG_WARN_INT_CONVERSION = YES;
				CLANG_WARN_NON_LITERAL_NULL_CONVERSION = YES;
				CLANG_WARN_OBJC_IMPLICIT_RETAIN_SELF = YES;
				CLANG_WARN_OBJC_LITERAL_CONVERSION = YES;
				CLANG_WARN_OBJC_ROOT_CLASS = YES_ERROR;
				CLANG_WARN_QUOTED_INCLUDE_IN_FRAMEWORK_HEADER = YES;
				CLANG_WARN_RANGE_LOOP_ANALYSIS = YES;
				CLANG_WARN_STRICT_PROTOTYPES = YES;
				CLANG_WARN_SUSPICIOUS_MOVE = YES;
				CLANG_WARN_UNGUARDED_AVAILABILITY = YES_AGGRESSIVE;
				CLANG_WARN_UNREACHABLE_CODE = YES;
				CLANG_WARN__DUPLICATE_METHOD_MATCH = YES;
				COPY_PHASE_STRIP = NO;
				DEBUG_INFORMATION_FORMAT = "dwarf-with-dsym";
				ENABLE_NS_ASSERTIONS = NO;
				ENABLE_STRICT_OBJC_MSGSEND = YES;
				GCC_C_LANGUAGE_STANDARD = gnu11;
				GCC_NO_COMMON_BLOCKS = YES;
				GCC_WARN_64_TO_32_BIT_CONVERSION = YES;
				GCC_WARN_ABOUT_RETURN_TYPE = YES_ERROR;
				GCC_WARN_UNDECLARED_SELECTOR = YES;
				GCC_WARN_UNINITIALIZED_AUTOS = YES_AGGRESSIVE;
				GCC_WARN_UNUSED_FUNCTION = YES;
				GCC_WARN_UNUSED_VARIABLE = YES;
				IPHONEOS_DEPLOYMENT_TARGET = 15.4;
				MTL_ENABLE_DEBUG_INFO = NO;
				MTL_FAST_MATH = YES;
				SDKROOT = iphoneos;
				SWIFT_COMPILATION_MODE = wholemodule;
				SWIFT_OPTIMIZATION_LEVEL = "-O";
				VALIDATE_PRODUCT = YES;
			};
			name = Release;
		};
		833B3A9F287B4AA80030FE64 /* Debug */ = {
			isa = XCBuildConfiguration;
			buildSettings = {
				ASSETCATALOG_COMPILER_APPICON_NAME = AppIcon;
				ASSETCATALOG_COMPILER_GLOBAL_ACCENT_COLOR_NAME = AccentColor;
				CODE_SIGN_STYLE = Automatic;
				CURRENT_PROJECT_VERSION = 1;
				GENERATE_INFOPLIST_FILE = YES;
				INFOPLIST_FILE = Bankey/Info.plist;
				INFOPLIST_KEY_UIApplicationSupportsIndirectInputEvents = YES;
				INFOPLIST_KEY_UILaunchStoryboardName = LaunchScreen;
				INFOPLIST_KEY_UISupportedInterfaceOrientations_iPad = "UIInterfaceOrientationPortrait UIInterfaceOrientationPortraitUpsideDown UIInterfaceOrientationLandscapeLeft UIInterfaceOrientationLandscapeRight";
				INFOPLIST_KEY_UISupportedInterfaceOrientations_iPhone = "UIInterfaceOrientationPortrait UIInterfaceOrientationLandscapeLeft UIInterfaceOrientationLandscapeRight";
				LD_RUNPATH_SEARCH_PATHS = (
					"$(inherited)",
					"@executable_path/Frameworks",
				);
				MARKETING_VERSION = 1.0;
				PRODUCT_BUNDLE_IDENTIFIER = com.rbenjamin.Bankey;
				PRODUCT_NAME = "$(TARGET_NAME)";
				SWIFT_EMIT_LOC_STRINGS = YES;
				SWIFT_VERSION = 5.0;
				TARGETED_DEVICE_FAMILY = "1,2";
			};
			name = Debug;
		};
		833B3AA0287B4AA80030FE64 /* Release */ = {
			isa = XCBuildConfiguration;
			buildSettings = {
				ASSETCATALOG_COMPILER_APPICON_NAME = AppIcon;
				ASSETCATALOG_COMPILER_GLOBAL_ACCENT_COLOR_NAME = AccentColor;
				CODE_SIGN_STYLE = Automatic;
				CURRENT_PROJECT_VERSION = 1;
				GENERATE_INFOPLIST_FILE = YES;
				INFOPLIST_FILE = Bankey/Info.plist;
				INFOPLIST_KEY_UIApplicationSupportsIndirectInputEvents = YES;
				INFOPLIST_KEY_UILaunchStoryboardName = LaunchScreen;
				INFOPLIST_KEY_UISupportedInterfaceOrientations_iPad = "UIInterfaceOrientationPortrait UIInterfaceOrientationPortraitUpsideDown UIInterfaceOrientationLandscapeLeft UIInterfaceOrientationLandscapeRight";
				INFOPLIST_KEY_UISupportedInterfaceOrientations_iPhone = "UIInterfaceOrientationPortrait UIInterfaceOrientationLandscapeLeft UIInterfaceOrientationLandscapeRight";
				LD_RUNPATH_SEARCH_PATHS = (
					"$(inherited)",
					"@executable_path/Frameworks",
				);
				MARKETING_VERSION = 1.0;
				PRODUCT_BUNDLE_IDENTIFIER = com.rbenjamin.Bankey;
				PRODUCT_NAME = "$(TARGET_NAME)";
				SWIFT_EMIT_LOC_STRINGS = YES;
				SWIFT_VERSION = 5.0;
				TARGETED_DEVICE_FAMILY = "1,2";
			};
			name = Release;
		};
		836E0D85288630A900C71942 /* Debug */ = {
			isa = XCBuildConfiguration;
			buildSettings = {
				BUNDLE_LOADER = "$(TEST_HOST)";
				CLANG_ENABLE_MODULES = YES;
				CODE_SIGN_STYLE = Automatic;
				CURRENT_PROJECT_VERSION = 1;
				GENERATE_INFOPLIST_FILE = YES;
				LD_RUNPATH_SEARCH_PATHS = (
					"$(inherited)",
					"@executable_path/Frameworks",
					"@loader_path/Frameworks",
				);
				MARKETING_VERSION = 1.0;
				PRODUCT_BUNDLE_IDENTIFIER = com.rbenjamin.BankeyTests;
				PRODUCT_NAME = "$(TARGET_NAME)";
				SWIFT_EMIT_LOC_STRINGS = NO;
				SWIFT_OPTIMIZATION_LEVEL = "-Onone";
				SWIFT_VERSION = 5.0;
				TARGETED_DEVICE_FAMILY = "1,2";
				TEST_HOST = "$(BUILT_PRODUCTS_DIR)/Bankey.app/Bankey";
			};
			name = Debug;
		};
		836E0D86288630A900C71942 /* Release */ = {
			isa = XCBuildConfiguration;
			buildSettings = {
				BUNDLE_LOADER = "$(TEST_HOST)";
				CLANG_ENABLE_MODULES = YES;
				CODE_SIGN_STYLE = Automatic;
				CURRENT_PROJECT_VERSION = 1;
				GENERATE_INFOPLIST_FILE = YES;
				LD_RUNPATH_SEARCH_PATHS = (
					"$(inherited)",
					"@executable_path/Frameworks",
					"@loader_path/Frameworks",
				);
				MARKETING_VERSION = 1.0;
				PRODUCT_BUNDLE_IDENTIFIER = com.rbenjamin.BankeyTests;
				PRODUCT_NAME = "$(TARGET_NAME)";
				SWIFT_EMIT_LOC_STRINGS = NO;
				SWIFT_VERSION = 5.0;
				TARGETED_DEVICE_FAMILY = "1,2";
				TEST_HOST = "$(BUILT_PRODUCTS_DIR)/Bankey.app/Bankey";
			};
			name = Release;
		};
/* End XCBuildConfiguration section */

/* Begin XCConfigurationList section */
		833B3A85287B4AA50030FE64 /* Build configuration list for PBXProject "Bankey" */ = {
			isa = XCConfigurationList;
			buildConfigurations = (
				833B3A9C287B4AA80030FE64 /* Debug */,
				833B3A9D287B4AA80030FE64 /* Release */,
			);
			defaultConfigurationIsVisible = 0;
			defaultConfigurationName = Release;
		};
		833B3A9E287B4AA80030FE64 /* Build configuration list for PBXNativeTarget "Bankey" */ = {
			isa = XCConfigurationList;
			buildConfigurations = (
				833B3A9F287B4AA80030FE64 /* Debug */,
				833B3AA0287B4AA80030FE64 /* Release */,
			);
			defaultConfigurationIsVisible = 0;
			defaultConfigurationName = Release;
		};
		836E0D87288630A900C71942 /* Build configuration list for PBXNativeTarget "BankeyTests" */ = {
			isa = XCConfigurationList;
			buildConfigurations = (
				836E0D85288630A900C71942 /* Debug */,
				836E0D86288630A900C71942 /* Release */,
			);
			defaultConfigurationIsVisible = 0;
			defaultConfigurationName = Release;
		};
/* End XCConfigurationList section */
	};
	rootObject = 833B3A82287B4AA50030FE64 /* Project object */;
}
